
Microsoft Visual Studio Solution File, Format Version 12.00
# Visual Studio Version 16
VisualStudioVersion = 16.0.30717.126
MinimumVisualStudioVersion = 10.0.40219.1
Project("{9A19103F-16F7-4668-BE54-9A1E7A4F7556}") = "TestAlzaRestApi", "TestAlzaRestApi\TestAlzaRestApi.csproj", "{858E9A2F-6BEB-4DAB-8DA6-8886C8BCF592}"
EndProject
Project("{9A19103F-16F7-4668-BE54-9A1E7A4F7556}") = "TestAlzaRestApi.Test", "TestAlzaRestApi.Test\TestAlzaRestApi.Test.csproj", "{C3E5950E-D807-4A25-9C72-FB458EE17010}"
EndProject
Global
	GlobalSection(SolutionConfigurationPlatforms) = preSolution
		Debug|Any CPU = Debug|Any CPU
		Release|Any CPU = Release|Any CPU
	EndGlobalSection
	GlobalSection(ProjectConfigurationPlatforms) = postSolution
		{858E9A2F-6BEB-4DAB-8DA6-8886C8BCF592}.Debug|Any CPU.ActiveCfg = Debug|Any CPU
		{858E9A2F-6BEB-4DAB-8DA6-8886C8BCF592}.Debug|Any CPU.Build.0 = Debug|Any CPU
		{858E9A2F-6BEB-4DAB-8DA6-8886C8BCF592}.Release|Any CPU.ActiveCfg = Release|Any CPU
		{858E9A2F-6BEB-4DAB-8DA6-8886C8BCF592}.Release|Any CPU.Build.0 = Release|Any CPU
		{C3E5950E-D807-4A25-9C72-FB458EE17010}.Debug|Any CPU.ActiveCfg = Debug|Any CPU
		{C3E5950E-D807-4A25-9C72-FB458EE17010}.Debug|Any CPU.Build.0 = Debug|Any CPU
		{C3E5950E-D807-4A25-9C72-FB458EE17010}.Release|Any CPU.ActiveCfg = Release|Any CPU
		{C3E5950E-D807-4A25-9C72-FB458EE17010}.Release|Any CPU.Build.0 = Release|Any CPU
	EndGlobalSection
	GlobalSection(SolutionProperties) = preSolution
		HideSolutionNode = FALSE
	EndGlobalSection
	GlobalSection(ExtensibilityGlobals) = postSolution
		SolutionGuid = {7E364669-6117-4B77-958A-6ED0BB66D7F2}
	EndGlobalSection
EndGlobal
